{
  "name": "gun_test",
  "lockfileVersion": 3,
  "requires": true,
  "packages": {
    "": {
      "dependencies": {
        "@quenty/deathreport": "^10.30.0",
        "@quenty/playerutils": "^8.21.3"
      }
    },
    "node_modules/@quenty/baseobject": {
      "version": "10.9.0",
      "license": "MIT",
      "dependencies": {
        "@quenty/loader": "^10.9.0",
        "@quenty/maid": "^3.5.0"
      },
      "funding": {
        "type": "patreon",
        "url": "https://www.patreon.com/quenty"
      }
    },
    "node_modules/@quenty/binder": {
      "version": "14.25.3",
      "resolved": "https://registry.npmjs.org/@quenty/binder/-/binder-14.25.3.tgz",
      "integrity": "sha512-m27qbAyTjyqxSNDoPPdjZ/FPfgTQyIB5iz5lgfl5DjTMJetkF/OdVZ/M0x3shj0HNUOyyhrB5LjGt6g2+e1XuQ==",
      "license": "MIT",
      "dependencies": {
        "@quenty/baseobject": "^10.9.0",
        "@quenty/brio": "^14.20.1",
        "@quenty/canceltoken": "^11.13.0",
        "@quenty/instanceutils": "^13.20.2",
        "@quenty/linkutils": "^13.20.2",
        "@quenty/loader": "^10.9.0",
        "@quenty/maid": "^3.5.0",
        "@quenty/promise": "^10.12.0",
        "@quenty/rx": "^13.20.0",
        "@quenty/signal": "^7.11.1",
        "@quenty/table": "^3.8.0",
        "@quenty/valueobject": "^13.21.3"
      },
      "funding": {
        "type": "patreon",
        "url": "https://www.patreon.com/quenty"
      }
    },
    "node_modules/@quenty/brio": {
      "version": "14.20.1",
      "license": "MIT",
      "dependencies": {
        "@quenty/loader": "^10.9.0",
        "@quenty/maid": "^3.5.0",
        "@quenty/rx": "^13.20.0",
        "@quenty/signal": "^7.11.1",
        "@quenty/steputils": "^3.6.0",
        "@quenty/table": "^3.8.0"
      },
      "funding": {
        "type": "patreon",
        "url": "https://www.patreon.com/quenty"
      }
    },
    "node_modules/@quenty/cancellabledelay": {
      "version": "3.6.0",
      "license": "MIT",
      "funding": {
        "type": "patreon",
        "url": "https://www.patreon.com/quenty"
      }
    },
    "node_modules/@quenty/canceltoken": {
      "version": "11.13.0",
      "license": "MIT",
      "dependencies": {
        "@quenty/ducktype": "^5.9.0",
        "@quenty/loader": "^10.9.0",
        "@quenty/maid": "^3.5.0",
        "@quenty/promise": "^10.12.0",
        "@quenty/signal": "^7.11.1"
      },
      "funding": {
        "type": "patreon",
        "url": "https://www.patreon.com/quenty"
      }
    },
    "node_modules/@quenty/characterutils": {
      "version": "12.22.2",
      "license": "MIT",
      "dependencies": {
        "@quenty/brio": "^14.20.1",
        "@quenty/deferred": "^2.3.0",
        "@quenty/instanceutils": "^13.20.2",
        "@quenty/loader": "^10.9.0",
        "@quenty/maid": "^3.5.0",
        "@quenty/promise": "^10.12.0",
        "@quenty/rx": "^13.20.0"
      },
      "funding": {
        "type": "patreon",
        "url": "https://www.patreon.com/quenty"
      }
    },
    "node_modules/@quenty/deathreport": {
      "version": "10.30.0",
      "resolved": "https://registry.npmjs.org/@quenty/deathreport/-/deathreport-10.30.0.tgz",
      "integrity": "sha512-xJxOGIE5qeGkh42bHc8ygEJXS028OTsdoIwrkmxKsRBumN9TUjQcKnKDB+cWg/vc6BUUfI6HMfrwC8SwGTSLgQ==",
      "license": "MIT",
      "dependencies": {
        "@quenty/baseobject": "^10.9.0",
        "@quenty/binder": "^14.25.3",
        "@quenty/characterutils": "^12.22.2",
        "@quenty/humanoidkillerutils": "^2.3.3",
        "@quenty/loader": "^10.9.0",
        "@quenty/maid": "^3.5.0",
        "@quenty/playerhumanoidbinder": "^14.25.3",
        "@quenty/remoting": "^12.21.2",
        "@quenty/rx": "^13.20.0",
        "@quenty/rxbinderutils": "^14.25.3",
        "@quenty/servicebag": "^11.13.2",
        "@quenty/signal": "^7.11.1",
        "@quenty/table": "^3.8.0"
      },
      "funding": {
        "type": "patreon",
        "url": "https://www.patreon.com/quenty"
      }
    },
    "node_modules/@quenty/deferred": {
      "version": "2.3.0",
      "license": "MIT",
      "funding": {
        "type": "patreon",
        "url": "https://www.patreon.com/quenty"
      }
    },
    "node_modules/@quenty/ducktype": {
      "version": "5.9.0",
      "license": "MIT",
      "dependencies": {
        "@quenty/loader": "^10.9.0"
      },
      "funding": {
        "type": "patreon",
        "url": "https://www.patreon.com/quenty"
      }
    },
    "node_modules/@quenty/humanoidkillerutils": {
      "version": "2.3.3",
      "resolved": "https://registry.npmjs.org/@quenty/humanoidkillerutils/-/humanoidkillerutils-2.3.3.tgz",
      "integrity": "sha512-lTUx1+oCeSw1TLxrhnf2rx4eyUUesokzc6JJkybkxy05pqA5ENE1ErnUSEkLN2jNSbQzW1n71QxTbQLXn4Xpxw==",
      "license": "MIT",
      "funding": {
        "type": "patreon",
        "url": "https://www.patreon.com/quenty"
      }
    },
    "node_modules/@quenty/humanoidtracker": {
      "version": "13.21.3",
      "resolved": "https://registry.npmjs.org/@quenty/humanoidtracker/-/humanoidtracker-13.21.3.tgz",
      "integrity": "sha512-7FLMVplDED5L9/Y8Zl0zarj/v1z274AZMlcXeVVUtwF/PLqV1qAoJNynVvTJ3/MvGP1T7XVB+aVgbiWqbO1tyg==",
      "license": "MIT",
      "dependencies": {
        "@quenty/baseobject": "^10.9.0",
        "@quenty/brio": "^14.20.1",
        "@quenty/loader": "^10.9.0",
        "@quenty/maid": "^3.5.0",
        "@quenty/promise": "^10.12.0",
        "@quenty/signal": "^7.11.1",
        "@quenty/valueobject": "^13.21.3"
      },
      "funding": {
        "type": "patreon",
        "url": "https://www.patreon.com/quenty"
      }
    },
    "node_modules/@quenty/instanceutils": {
      "version": "13.20.2",
      "license": "MIT",
      "dependencies": {
        "@quenty/brio": "^14.20.1",
        "@quenty/loader": "^10.9.0",
        "@quenty/maid": "^3.5.0",
        "@quenty/rx": "^13.20.0",
        "@quenty/symbol": "^3.5.0"
      },
      "funding": {
        "type": "patreon",
        "url": "https://www.patreon.com/quenty"
      }
    },
    "node_modules/@quenty/linkutils": {
      "version": "13.20.2",
      "license": "MIT",
      "dependencies": {
        "@quenty/brio": "^14.20.1",
        "@quenty/instanceutils": "^13.20.2",
        "@quenty/loader": "^10.9.0",
        "@quenty/maid": "^3.5.0",
        "@quenty/promise": "^10.12.0",
        "@quenty/rx": "^13.20.0"
      },
      "funding": {
        "type": "patreon",
        "url": "https://www.patreon.com/quenty"
      }
    },
    "node_modules/@quenty/loader": {
      "version": "10.9.0",
      "license": "MIT",
      "funding": {
        "type": "patreon",
        "url": "https://www.patreon.com/quenty"
      }
    },
    "node_modules/@quenty/maid": {
      "version": "3.5.0",
      "license": "MIT",
      "funding": {
        "type": "patreon",
        "url": "https://www.patreon.com/quenty"
      }
    },
    "node_modules/@quenty/math": {
      "version": "2.7.3",
      "license": "MIT",
      "funding": {
        "type": "patreon",
        "url": "https://www.patreon.com/quenty"
      }
    },
    "node_modules/@quenty/playerhumanoidbinder": {
      "version": "14.25.3",
      "resolved": "https://registry.npmjs.org/@quenty/playerhumanoidbinder/-/playerhumanoidbinder-14.25.3.tgz",
      "integrity": "sha512-L8Hf/KM4lCYQKHK+2AdPX2Ey3it6njOrqh5V6FKRBNgz8kRuRjJmKIUi8CvcElxSbyLnOSYjySmMFZfIKDHXUQ==",
      "license": "MIT",
      "dependencies": {
        "@quenty/binder": "^14.25.3",
        "@quenty/humanoidtracker": "^13.21.3",
        "@quenty/loader": "^10.9.0",
        "@quenty/maid": "^3.5.0",
        "@quenty/valueobject": "^13.21.3"
      },
      "funding": {
        "type": "patreon",
        "url": "https://www.patreon.com/quenty"
      }
    },
    "node_modules/@quenty/playerutils": {
      "version": "8.21.3",
      "resolved": "https://registry.npmjs.org/@quenty/playerutils/-/playerutils-8.21.3.tgz",
      "integrity": "sha512-3RixuEaSwUosA/WHiD21I20wjyb9dJMsyosJdtVUKxw9GxGYeQaIKG3O3PyxL036Vwu4mp9+nvTmxSeERuP8RA==",
      "license": "MIT",
      "dependencies": {
        "@quenty/brio": "^14.20.1",
        "@quenty/characterutils": "^12.22.2",
        "@quenty/instanceutils": "^13.20.2",
        "@quenty/loader": "^10.9.0",
        "@quenty/maid": "^3.5.0",
        "@quenty/promise": "^10.12.0",
        "@quenty/rx": "^13.20.0"
      },
      "funding": {
        "type": "patreon",
        "url": "https://www.patreon.com/quenty"
      }
    },
    "node_modules/@quenty/promise": {
      "version": "10.12.0",
      "license": "MIT",
      "dependencies": {
        "@quenty/deferred": "^2.3.0",
        "@quenty/loader": "^10.9.0",
        "@quenty/maid": "^3.5.0",
        "@quenty/math": "^2.7.3"
      },
      "funding": {
        "type": "patreon",
        "url": "https://www.patreon.com/quenty"
      }
    },
    "node_modules/@quenty/promisemaid": {
      "version": "5.12.0",
      "license": "MIT",
      "dependencies": {
        "@quenty/loader": "^10.9.0",
        "@quenty/maid": "^3.5.0",
        "@quenty/promise": "^10.12.0"
      },
      "funding": {
        "type": "patreon",
        "url": "https://www.patreon.com/quenty"
      }
    },
    "node_modules/@quenty/remotefunctionutils": {
      "version": "10.12.0",
      "license": "MIT",
      "dependencies": {
        "@quenty/loader": "^10.9.0",
        "@quenty/promise": "^10.12.0"
      },
      "funding": {
        "type": "patreon",
        "url": "https://www.patreon.com/quenty"
      }
    },
    "node_modules/@quenty/remoting": {
      "version": "12.21.2",
      "license": "MIT",
      "dependencies": {
        "@quenty/brio": "^14.20.1",
        "@quenty/instanceutils": "^13.20.2",
        "@quenty/loader": "^10.9.0",
        "@quenty/maid": "^3.5.0",
        "@quenty/promise": "^10.12.0",
        "@quenty/promisemaid": "^5.12.0",
        "@quenty/remotefunctionutils": "^10.12.0",
        "@quenty/rx": "^13.20.0",
        "@quenty/table": "^3.8.0"
      },
      "funding": {
        "type": "patreon",
        "url": "https://www.patreon.com/quenty"
      }
    },
    "node_modules/@quenty/rx": {
      "version": "13.20.0",
      "license": "MIT",
      "dependencies": {
        "@quenty/cancellabledelay": "^3.6.0",
        "@quenty/canceltoken": "^11.13.0",
        "@quenty/ducktype": "^5.9.0",
        "@quenty/loader": "^10.9.0",
        "@quenty/maid": "^3.5.0",
        "@quenty/promise": "^10.12.0",
        "@quenty/signal": "^7.11.1",
        "@quenty/symbol": "^3.5.0",
        "@quenty/table": "^3.8.0",
        "@quenty/throttle": "^10.10.0",
        "@quenty/typeutils": "^1.1.0"
      },
      "funding": {
        "type": "patreon",
        "url": "https://www.patreon.com/quenty"
      }
    },
    "node_modules/@quenty/rxbinderutils": {
      "version": "14.25.3",
      "resolved": "https://registry.npmjs.org/@quenty/rxbinderutils/-/rxbinderutils-14.25.3.tgz",
      "integrity": "sha512-keS+416UvnOydwacIz0iQ9Pzhu5X2Jrq1b3Spq4iIuiUa9JC8ZM3mptY56gSNq5F4/YAKbNi/FURFNe2TilfSw==",
      "license": "MIT",
      "dependencies": {
        "@quenty/binder": "^14.25.3",
        "@quenty/brio": "^14.20.1",
        "@quenty/instanceutils": "^13.20.2",
        "@quenty/linkutils": "^13.20.2",
        "@quenty/loader": "^10.9.0",
        "@quenty/maid": "^3.5.0",
        "@quenty/rx": "^13.20.0"
      },
      "funding": {
        "type": "patreon",
        "url": "https://www.patreon.com/quenty"
      }
    },
    "node_modules/@quenty/rxsignal": {
      "version": "7.20.0",
      "license": "MIT",
      "dependencies": {
        "@quenty/loader": "^10.9.0",
        "@quenty/rx": "^13.20.0"
      },
      "funding": {
        "type": "patreon",
        "url": "https://www.patreon.com/quenty"
      }
    },
    "node_modules/@quenty/servicebag": {
      "version": "11.13.2",
      "resolved": "https://registry.npmjs.org/@quenty/servicebag/-/servicebag-11.13.2.tgz",
      "integrity": "sha512-1esqbqTue2GutM5PTIN/tUqqowYCF3Q8GY9Fwi3YB8+lyohOSQwRt2CULwXbyowxYpF/IQS11Jwmdou3yckC0w==",
      "license": "MIT",
      "dependencies": {
        "@quenty/baseobject": "^10.9.0",
        "@quenty/loader": "^10.9.0",
        "@quenty/signal": "^7.11.1"
      },
      "funding": {
        "type": "patreon",
        "url": "https://www.patreon.com/quenty"
      }
    },
    "node_modules/@quenty/signal": {
      "version": "7.11.1",
      "license": "MIT",
      "dependencies": {
        "@quenty/loader": "^10.9.0"
      },
      "funding": {
        "type": "patreon",
        "url": "https://www.patreon.com/quenty"
      }
    },
    "node_modules/@quenty/steputils": {
      "version": "3.6.0",
      "license": "MIT",
      "funding": {
        "type": "patreon",
        "url": "https://www.patreon.com/quenty"
      }
    },
    "node_modules/@quenty/symbol": {
      "version": "3.5.0",
      "license": "MIT",
      "funding": {
        "type": "patreon",
        "url": "https://www.patreon.com/quenty"
      }
    },
    "node_modules/@quenty/table": {
      "version": "3.8.0",
      "license": "MIT",
      "funding": {
        "type": "patreon",
        "url": "https://www.patreon.com/quenty"
      }
    },
    "node_modules/@quenty/throttle": {
      "version": "10.10.0",
      "license": "MIT",
      "dependencies": {
        "@quenty/loader": "^10.9.0",
        "@quenty/typeutils": "^1.1.0"
      },
      "funding": {
        "type": "patreon",
        "url": "https://www.patreon.com/quenty"
      }
    },
    "node_modules/@quenty/typeutils": {
      "version": "1.1.0",
      "license": "MIT",
      "dependencies": {
        "@quenty/loader": "^10.9.0"
      },
      "funding": {
        "type": "patreon",
        "url": "https://www.patreon.com/quenty"
      }
    },
    "node_modules/@quenty/valuebaseutils": {
      "version": "13.20.3",
      "resolved": "https://registry.npmjs.org/@quenty/valuebaseutils/-/valuebaseutils-13.20.3.tgz",
      "integrity": "sha512-F6QUPcKkAART17kekLNXs/kudYHhfl9+9M9RsnW/iZnBD3ocrTx4NuX6baXqAeFFVHtqnD4gedo+SA8X5J/kTA==",
      "license": "MIT",
      "dependencies": {
        "@quenty/brio": "^14.20.1",
        "@quenty/instanceutils": "^13.20.2",
        "@quenty/loader": "^10.9.0",
        "@quenty/promise": "^10.12.0",
        "@quenty/rx": "^13.20.0",
        "@quenty/rxsignal": "^7.20.0"
      },
      "funding": {
        "type": "patreon",
        "url": "https://www.patreon.com/quenty"
      }
    },
    "node_modules/@quenty/valueobject": {
      "version": "13.21.3",
      "resolved": "https://registry.npmjs.org/@quenty/valueobject/-/valueobject-13.21.3.tgz",
      "integrity": "sha512-eTnKX9p+iHkaRzXIq56BNHLqN5ELztrt+aXttY63opkSCtIZ6H59syzah7t7vm6zA00qGwp/8+I7QtUQDeoByA==",
      "license": "MIT",
      "dependencies": {
        "@quenty/brio": "^14.20.1",
        "@quenty/ducktype": "^5.9.0",
        "@quenty/loader": "^10.9.0",
        "@quenty/maid": "^3.5.0",
        "@quenty/rx": "^13.20.0",
        "@quenty/signal": "^7.11.1",
        "@quenty/valuebaseutils": "^13.20.3"
      },
      "funding": {
        "type": "patreon",
        "url": "https://www.patreon.com/quenty"
      }
    }
  }
}
